
Microsoft Visual Studio Solution File, Format Version 12.00
# Visual Studio Version 16
VisualStudioVersion = 16.0.32002.261
MinimumVisualStudioVersion = 10.0.40219.1
Project("{FAE04EC0-301F-11D3-BF4B-00C04F79EFBC}") = "ConvertingFromInfixToPostfix", "ConvertingFromInfixToPostfix\ConvertingFromInfixToPostfix.csproj", "{56FEDC97-90D4-4A96-A1C1-73B16390A830}"
EndProject
Global
	GlobalSection(SolutionConfigurationPlatforms) = preSolution
		Debug|Any CPU = Debug|Any CPU
		Release|Any CPU = Release|Any CPU
	EndGlobalSection
	GlobalSection(ProjectConfigurationPlatforms) = postSolution
		{56FEDC97-90D4-4A96-A1C1-73B16390A830}.Debug|Any CPU.ActiveCfg = Debug|Any CPU
		{56FEDC97-90D4-4A96-A1C1-73B16390A830}.Debug|Any CPU.Build.0 = Debug|Any CPU
		{56FEDC97-90D4-4A96-A1C1-73B16390A830}.Release|Any CPU.ActiveCfg = Release|Any CPU
		{56FEDC97-90D4-4A96-A1C1-73B16390A830}.Release|Any CPU.Build.0 = Release|Any CPU
	EndGlobalSection
	GlobalSection(SolutionProperties) = preSolution
		HideSolutionNode = FALSE
	EndGlobalSection
	GlobalSection(ExtensibilityGlobals) = postSolution
		SolutionGuid = {115FF498-C0AA-46B1-A7AA-3B694F19880D}
	EndGlobalSection
EndGlobal
